
Microsoft Visual Studio Solution File, Format Version 12.00
# Visual Studio 2012
Project("{8BC9CEB8-8B4A-11D0-8D11-00A0C91BC942}") = "burakaybi_Aybi_Burak_hw2", "deneme\deneme.vcxproj", "{ECF2DFC3-DA78-4C1E-89F1-74FB1DD29665}"
EndProject
Global
	GlobalSection(SolutionConfigurationPlatforms) = preSolution
		Debug|Win32 = Debug|Win32
		Release|Win32 = Release|Win32
	EndGlobalSection
	GlobalSection(ProjectConfigurationPlatforms) = postSolution
		{ECF2DFC3-DA78-4C1E-89F1-74FB1DD29665}.Debug|Win32.ActiveCfg = Debug|Win32
		{ECF2DFC3-DA78-4C1E-89F1-74FB1DD29665}.Debug|Win32.Build.0 = Debug|Win32
		{ECF2DFC3-DA78-4C1E-89F1-74FB1DD29665}.Release|Win32.ActiveCfg = Release|Win32
		{ECF2DFC3-DA78-4C1E-89F1-74FB1DD29665}.Release|Win32.Build.0 = Release|Win32
	EndGlobalSection
	GlobalSection(SolutionProperties) = preSolution
		HideSolutionNode = FALSE
	EndGlobalSection
EndGlobal
